
Microsoft Visual Studio Solution File, Format Version 12.00
# Visual Studio Version 16
VisualStudioVersion = 16.0.28922.388
MinimumVisualStudioVersion = 10.0.40219.1
Project("{FAE04EC0-301F-11D3-BF4B-00C04F79EFBC}") = "FunctionApp", "FunctionApp.csproj", "{652FCE80-BC2C-4D1E-B85A-5453A3FF4C28}"
EndProject
Global
	GlobalSection(SolutionConfigurationPlatforms) = preSolution
		Debug|Any CPU = Debug|Any CPU
		Release|Any CPU = Release|Any CPU
	EndGlobalSection
	GlobalSection(ProjectConfigurationPlatforms) = postSolution
		{652FCE80-BC2C-4D1E-B85A-5453A3FF4C28}.Debug|Any CPU.ActiveCfg = Debug|Any CPU
		{652FCE80-BC2C-4D1E-B85A-5453A3FF4C28}.Debug|Any CPU.Build.0 = Debug|Any CPU
		{652FCE80-BC2C-4D1E-B85A-5453A3FF4C28}.Release|Any CPU.ActiveCfg = Release|Any CPU
		{652FCE80-BC2C-4D1E-B85A-5453A3FF4C28}.Release|Any CPU.Build.0 = Release|Any CPU
	EndGlobalSection
	GlobalSection(SolutionProperties) = preSolution
		HideSolutionNode = FALSE
	EndGlobalSection
	GlobalSection(ExtensibilityGlobals) = postSolution
		SolutionGuid = {EAED6830-50EE-49ED-A27B-3CAE7E8ED890}
	EndGlobalSection
EndGlobal
